
Microsoft Visual Studio Solution File, Format Version 12.00
# Visual Studio Version 16
VisualStudioVersion = 16.0.31321.278
MinimumVisualStudioVersion = 10.0.40219.1
Project("{FAE04EC0-301F-11D3-BF4B-00C04F79EFBC}") = "ChildAbuse", "ChildAbuse\ChildAbuse.csproj", "{1A798FE8-7B94-4B49-AF82-C648C38B6174}"
EndProject
Global
	GlobalSection(SolutionConfigurationPlatforms) = preSolution
		Debug|Any CPU = Debug|Any CPU
		Release|Any CPU = Release|Any CPU
	EndGlobalSection
	GlobalSection(ProjectConfigurationPlatforms) = postSolution
		{1A798FE8-7B94-4B49-AF82-C648C38B6174}.Debug|Any CPU.ActiveCfg = Debug|Any CPU
		{1A798FE8-7B94-4B49-AF82-C648C38B6174}.Debug|Any CPU.Build.0 = Debug|Any CPU
		{1A798FE8-7B94-4B49-AF82-C648C38B6174}.Release|Any CPU.ActiveCfg = Release|Any CPU
		{1A798FE8-7B94-4B49-AF82-C648C38B6174}.Release|Any CPU.Build.0 = Release|Any CPU
	EndGlobalSection
	GlobalSection(SolutionProperties) = preSolution
		HideSolutionNode = FALSE
	EndGlobalSection
	GlobalSection(ExtensibilityGlobals) = postSolution
		SolutionGuid = {CBC5D127-2E3F-4C48-96F9-8E7E88DBC8D5}
	EndGlobalSection
EndGlobal
